// !$*UTF8*$!
{
	archiveVersion = 1;
	classes = {
	};
	objectVersion = 50;
	objects = {

/* Begin PBXBuildFile section */
		98D2842220CA539D003CD350 /* AppDelegate.swift in Sources */ = {isa = PBXBuildFile; fileRef = 98D2842120CA539D003CD350 /* AppDelegate.swift */; };
		98D2842420CA539D003CD350 /* ViewController.swift in Sources */ = {isa = PBXBuildFile; fileRef = 98D2842320CA539D003CD350 /* ViewController.swift */; };
		98D2842720CA539D003CD350 /* Main.storyboard in Resources */ = {isa = PBXBuildFile; fileRef = 98D2842520CA539D003CD350 /* Main.storyboard */; };
		98D2842920CA539E003CD350 /* Assets.xcassets in Resources */ = {isa = PBXBuildFile; fileRef = 98D2842820CA539E003CD350 /* Assets.xcassets */; };
		98D2842C20CA539E003CD350 /* LaunchScreen.storyboard in Resources */ = {isa = PBXBuildFile; fileRef = 98D2842A20CA539E003CD350 /* LaunchScreen.storyboard */; };
		98D2843720CA539E003CD350 /* ServerBotDemoTests.swift in Sources */ = {isa = PBXBuildFile; fileRef = 98D2843620CA539E003CD350 /* ServerBotDemoTests.swift */; };
		98D2844220CA539E003CD350 /* ServerBotDemoUITests.swift in Sources */ = {isa = PBXBuildFile; fileRef = 98D2844120CA539E003CD350 /* ServerBotDemoUITests.swift */; };
/* End PBXBuildFile section */

/* Begin PBXContainerItemProxy section */
		98D2843320CA539E003CD350 /* PBXContainerItemProxy */ = {
			isa = PBXContainerItemProxy;
			containerPortal = 98D2841620CA539D003CD350 /* Project object */;
			proxyType = 1;
			remoteGlobalIDString = 98D2841D20CA539D003CD350;
			remoteInfo = ServerBotDemo;
		};
		98D2843E20CA539E003CD350 /* PBXContainerItemProxy */ = {
			isa = PBXContainerItemProxy;
			containerPortal = 98D2841620CA539D003CD350 /* Project object */;
			proxyType = 1;
			remoteGlobalIDString = 98D2841D20CA539D003CD350;
			remoteInfo = ServerBotDemo;
		};
/* End PBXContainerItemProxy section */

/* Begin PBXFileReference section */
		98D2841E20CA539D003CD350 /* ServerBotDemo.app */ = {isa = PBXFileReference; explicitFileType = wrapper.application; includeInIndex = 0; path = ServerBotDemo.app; sourceTree = BUILT_PRODUCTS_DIR; };
		98D2842120CA539D003CD350 /* AppDelegate.swift */ = {isa = PBXFileReference; lastKnownFileType = sourcecode.swift; path = AppDelegate.swift; sourceTree = "<group>"; };
		98D2842320CA539D003CD350 /* ViewController.swift */ = {isa = PBXFileReference; lastKnownFileType = sourcecode.swift; path = ViewController.swift; sourceTree = "<group>"; };
		98D2842620CA539D003CD350 /* Base */ = {isa = PBXFileReference; lastKnownFileType = file.storyboard; name = Base; path = Base.lproj/Main.storyboard; sourceTree = "<group>"; };
		98D2842820CA539E003CD350 /* Assets.xcassets */ = {isa = PBXFileReference; lastKnownFileType = folder.assetcatalog; path = Assets.xcassets; sourceTree = "<group>"; };
		98D2842B20CA539E003CD350 /* Base */ = {isa = PBXFileReference; lastKnownFileType = file.storyboard; name = Base; path = Base.lproj/LaunchScreen.storyboard; sourceTree = "<group>"; };
		98D2842D20CA539E003CD350 /* Info.plist */ = {isa = PBXFileReference; lastKnownFileType = text.plist.xml; path = Info.plist; sourceTree = "<group>"; };
		98D2843220CA539E003CD350 /* ServerBotDemoTests.xctest */ = {isa = PBXFileReference; explicitFileType = wrapper.cfbundle; includeInIndex = 0; path = ServerBotDemoTests.xctest; sourceTree = BUILT_PRODUCTS_DIR; };
		98D2843620CA539E003CD350 /* ServerBotDemoTests.swift */ = {isa = PBXFileReference; lastKnownFileType = sourcecode.swift; path = ServerBotDemoTests.swift; sourceTree = "<group>"; };
		98D2843820CA539E003CD350 /* Info.plist */ = {isa = PBXFileReference; lastKnownFileType = text.plist.xml; path = Info.plist; sourceTree = "<group>"; };
		98D2843D20CA539E003CD350 /* ServerBotDemoUITests.xctest */ = {isa = PBXFileReference; explicitFileType = wrapper.cfbundle; includeInIndex = 0; path = ServerBotDemoUITests.xctest; sourceTree = BUILT_PRODUCTS_DIR; };
		98D2844120CA539E003CD350 /* ServerBotDemoUITests.swift */ = {isa = PBXFileReference; lastKnownFileType = sourcecode.swift; path = ServerBotDemoUITests.swift; sourceTree = "<group>"; };
		98D2844320CA539E003CD350 /* Info.plist */ = {isa = PBXFileReference; lastKnownFileType = text.plist.xml; path = Info.plist; sourceTree = "<group>"; };
/* End PBXFileReference section */

/* Begin PBXFrameworksBuildPhase section */
		98D2841B20CA539D003CD350 /* Frameworks */ = {
			isa = PBXFrameworksBuildPhase;
			buildActionMask = 2147483647;
			files = (
			);
			runOnlyForDeploymentPostprocessing = 0;
		};
		98D2842F20CA539E003CD350 /* Frameworks */ = {
			isa = PBXFrameworksBuildPhase;
			buildActionMask = 2147483647;
			files = (
			);
			runOnlyForDeploymentPostprocessing = 0;
		};
		98D2843A20CA539E003CD350 /* Frameworks */ = {
			isa = PBXFrameworksBuildPhase;
			buildActionMask = 2147483647;
			files = (
			);
			runOnlyForDeploymentPostprocessing = 0;
		};
/* End PBXFrameworksBuildPhase section */

/* Begin PBXGroup section */
		98D2841520CA539D003CD350 = {
			isa = PBXGroup;
			children = (
				98D2842020CA539D003CD350 /* ServerBotDemo */,
				98D2843520CA539E003CD350 /* ServerBotDemoTests */,
				98D2844020CA539E003CD350 /* ServerBotDemoUITests */,
				98D2841F20CA539D003CD350 /* Products */,
				98D2844F20CA7860003CD350 /* Frameworks */,
			);
			sourceTree = "<group>";
		};
		98D2841F20CA539D003CD350 /* Products */ = {
			isa = PBXGroup;
			children = (
				98D2841E20CA539D003CD350 /* ServerBotDemo.app */,
				98D2843220CA539E003CD350 /* ServerBotDemoTests.xctest */,
				98D2843D20CA539E003CD350 /* ServerBotDemoUITests.xctest */,
			);
			name = Products;
			sourceTree = "<group>";
		};
		98D2842020CA539D003CD350 /* ServerBotDemo */ = {
			isa = PBXGroup;
			children = (
				98D2842120CA539D003CD350 /* AppDelegate.swift */,
				98D2842320CA539D003CD350 /* ViewController.swift */,
				98D2842520CA539D003CD350 /* Main.storyboard */,
				98D2842820CA539E003CD350 /* Assets.xcassets */,
				98D2842A20CA539E003CD350 /* LaunchScreen.storyboard */,
				98D2842D20CA539E003CD350 /* Info.plist */,
			);
			path = ServerBotDemo;
			sourceTree = "<group>";
		};
		98D2843520CA539E003CD350 /* ServerBotDemoTests */ = {
			isa = PBXGroup;
			children = (
				98D2843620CA539E003CD350 /* ServerBotDemoTests.swift */,
				98D2843820CA539E003CD350 /* Info.plist */,
			);
			path = ServerBotDemoTests;
			sourceTree = "<group>";
		};
		98D2844020CA539E003CD350 /* ServerBotDemoUITests */ = {
			isa = PBXGroup;
			children = (
				98D2844120CA539E003CD350 /* ServerBotDemoUITests.swift */,
				98D2844320CA539E003CD350 /* Info.plist */,
			);
			path = ServerBotDemoUITests;
			sourceTree = "<group>";
		};
		98D2844F20CA7860003CD350 /* Frameworks */ = {
			isa = PBXGroup;
			children = (
			);
			name = Frameworks;
			sourceTree = "<group>";
		};
/* End PBXGroup section */

/* Begin PBXNativeTarget section */
		98D2841D20CA539D003CD350 /* ServerBotDemo */ = {
			isa = PBXNativeTarget;
			buildConfigurationList = 98D2844620CA539E003CD350 /* Build configuration list for PBXNativeTarget "ServerBotDemo" */;
			buildPhases = (
				98D2841A20CA539D003CD350 /* Sources */,
				98D2841B20CA539D003CD350 /* Frameworks */,
				98D2841C20CA539D003CD350 /* Resources */,
			);
			buildRules = (
			);
			dependencies = (
			);
			name = ServerBotDemo;
			productName = ServerBotDemo;
			productReference = 98D2841E20CA539D003CD350 /* ServerBotDemo.app */;
			productType = "com.apple.product-type.application";
		};
		98D2843120CA539E003CD350 /* ServerBotDemoTests */ = {
			isa = PBXNativeTarget;
			buildConfigurationList = 98D2844920CA539E003CD350 /* Build configuration list for PBXNativeTarget "ServerBotDemoTests" */;
			buildPhases = (
				98D2842E20CA539E003CD350 /* Sources */,
				98D2842F20CA539E003CD350 /* Frameworks */,
				98D2843020CA539E003CD350 /* Resources */,
			);
			buildRules = (
			);
			dependencies = (
				98D2843420CA539E003CD350 /* PBXTargetDependency */,
			);
			name = ServerBotDemoTests;
			productName = ServerBotDemoTests;
			productReference = 98D2843220CA539E003CD350 /* ServerBotDemoTests.xctest */;
			productType = "com.apple.product-type.bundle.unit-test";
		};
		98D2843C20CA539E003CD350 /* ServerBotDemoUITests */ = {
			isa = PBXNativeTarget;
			buildConfigurationList = 98D2844C20CA539E003CD350 /* Build configuration list for PBXNativeTarget "ServerBotDemoUITests" */;
			buildPhases = (
				98D2843920CA539E003CD350 /* Sources */,
				98D2843A20CA539E003CD350 /* Frameworks */,
				98D2843B20CA539E003CD350 /* Resources */,
			);
			buildRules = (
			);
			dependencies = (
				98D2843F20CA539E003CD350 /* PBXTargetDependency */,
			);
			name = ServerBotDemoUITests;
			productName = ServerBotDemoUITests;
			productReference = 98D2843D20CA539E003CD350 /* ServerBotDemoUITests.xctest */;
			productType = "com.apple.product-type.bundle.ui-testing";
		};
/* End PBXNativeTarget section */

/* Begin PBXProject section */
		98D2841620CA539D003CD350 /* Project object */ = {
			isa = PBXProject;
			attributes = {
				LastSwiftUpdateCheck = 0940;
				LastUpgradeCheck = 0940;
				ORGANIZATIONNAME = efp;
				TargetAttributes = {
					98D2841D20CA539D003CD350 = {
						CreatedOnToolsVersion = 9.4;
						SystemCapabilities = {
							com.apple.GameCenter.iOS = {
								enabled = 0;
							};
							com.apple.Push = {
								enabled = 0;
							};
						};
					};
					98D2843120CA539E003CD350 = {
						CreatedOnToolsVersion = 9.4;
						TestTargetID = 98D2841D20CA539D003CD350;
					};
					98D2843C20CA539E003CD350 = {
						CreatedOnToolsVersion = 9.4;
						TestTargetID = 98D2841D20CA539D003CD350;
					};
				};
			};
			buildConfigurationList = 98D2841920CA539D003CD350 /* Build configuration list for PBXProject "ServerBotDemo" */;
			compatibilityVersion = "Xcode 9.3";
			developmentRegion = en;
			hasScannedForEncodings = 0;
			knownRegions = (
				en,
				Base,
			);
			mainGroup = 98D2841520CA539D003CD350;
			productRefGroup = 98D2841F20CA539D003CD350 /* Products */;
			projectDirPath = "";
			projectRoot = "";
			targets = (
				98D2841D20CA539D003CD350 /* ServerBotDemo */,
				98D2843120CA539E003CD350 /* ServerBotDemoTests */,
				98D2843C20CA539E003CD350 /* ServerBotDemoUITests */,
			);
		};
/* End PBXProject section */

/* Begin PBXResourcesBuildPhase section */
		98D2841C20CA539D003CD350 /* Resources */ = {
			isa = PBXResourcesBuildPhase;
			buildActionMask = 2147483647;
			files = (
				98D2842C20CA539E003CD350 /* LaunchScreen.storyboard in Resources */,
				98D2842920CA539E003CD350 /* Assets.xcassets in Resources */,
				98D2842720CA539D003CD350 /* Main.storyboard in Resources */,
			);
			runOnlyForDeploymentPostprocessing = 0;
		};
		98D2843020CA539E003CD350 /* Resources */ = {
			isa = PBXResourcesBuildPhase;
			buildActionMask = 2147483647;
			files = (
			);
			runOnlyForDeploymentPostprocessing = 0;
		};
		98D2843B20CA539E003CD350 /* Resources */ = {
			isa = PBXResourcesBuildPhase;
			buildActionMask = 2147483647;
			files = (
			);
			runOnlyForDeploymentPostprocessing = 0;
		};
/* End PBXResourcesBuildPhase section */

/* Begin PBXSourcesBuildPhase section */
		98D2841A20CA539D003CD350 /* Sources */ = {
			isa = PBXSourcesBuildPhase;
			buildActionMask = 2147483647;
			files = (
				98D2842420CA539D003CD350 /* ViewController.swift in Sources */,
				98D2842220CA539D003CD350 /* AppDelegate.swift in Sources */,
			);
			runOnlyForDeploymentPostprocessing = 0;
		};
		98D2842E20CA539E003CD350 /* Sources */ = {
			isa = PBXSourcesBuildPhase;
			buildActionMask = 2147483647;
			files = (
				98D2843720CA539E003CD350 /* ServerBotDemoTests.swift in Sources */,
			);
			runOnlyForDeploymentPostprocessing = 0;
		};
		98D2843920CA539E003CD350 /* Sources */ = {
			isa = PBXSourcesBuildPhase;
			buildActionMask = 2147483647;
			files = (
				98D2844220CA539E003CD350 /* ServerBotDemoUITests.swift in Sources */,
			);
			runOnlyForDeploymentPostprocessing = 0;
		};
/* End PBXSourcesBuildPhase section */

/* Begin PBXTargetDependency section */
		98D2843420CA539E003CD350 /* PBXTargetDependency */ = {
			isa = PBXTargetDependency;
			target = 98D2841D20CA539D003CD350 /* ServerBotDemo */;
			targetProxy = 98D2843320CA539E003CD350 /* PBXContainerItemProxy */;
		};
		98D2843F20CA539E003CD350 /* PBXTargetDependency */ = {
			isa = PBXTargetDependency;
			target = 98D2841D20CA539D003CD350 /* ServerBotDemo */;
			targetProxy = 98D2843E20CA539E003CD350 /* PBXContainerItemProxy */;
		};
/* End PBXTargetDependency section */

/* Begin PBXVariantGroup section */
		98D2842520CA539D003CD350 /* Main.storyboard */ = {
			isa = PBXVariantGroup;
			children = (
				98D2842620CA539D003CD350 /* Base */,
			);
			name = Main.storyboard;
			sourceTree = "<group>";
		};
		98D2842A20CA539E003CD350 /* LaunchScreen.storyboard */ = {
			isa = PBXVariantGroup;
			children = (
				98D2842B20CA539E003CD350 /* Base */,
			);
			name = LaunchScreen.storyboard;
			sourceTree = "<group>";
		};
/* End PBXVariantGroup section */

/* Begin XCBuildConfiguration section */
		98D2844420CA539E003CD350 /* Debug */ = {
			isa = XCBuildConfiguration;
			buildSettings = {
				ALWAYS_SEARCH_USER_PATHS = NO;
				CLANG_ANALYZER_NONNULL = YES;
				CLANG_ANALYZER_NUMBER_OBJECT_CONVERSION = YES_AGGRESSIVE;
				CLANG_CXX_LANGUAGE_STANDARD = "gnu++14";
				CLANG_CXX_LIBRARY = "libc++";
				CLANG_ENABLE_MODULES = YES;
				CLANG_ENABLE_OBJC_ARC = YES;
				CLANG_ENABLE_OBJC_WEAK = YES;
				CLANG_WARN_BLOCK_CAPTURE_AUTORELEASING = YES;
				CLANG_WARN_BOOL_CONVERSION = YES;
				CLANG_WARN_COMMA = YES;
				CLANG_WARN_CONSTANT_CONVERSION = YES;
				CLANG_WARN_DEPRECATED_OBJC_IMPLEMENTATIONS = YES;
				CLANG_WARN_DIRECT_OBJC_ISA_USAGE = YES_ERROR;
				CLANG_WARN_DOCUMENTATION_COMMENTS = YES;
				CLANG_WARN_EMPTY_BODY = YES;
				CLANG_WARN_ENUM_CONVERSION = YES;
				CLANG_WARN_INFINITE_RECURSION = YES;
				CLANG_WARN_INT_CONVERSION = YES;
				CLANG_WARN_NON_LITERAL_NULL_CONVERSION = YES;
				CLANG_WARN_OBJC_IMPLICIT_RETAIN_SELF = YES;
				CLANG_WARN_OBJC_LITERAL_CONVERSION = YES;
				CLANG_WARN_OBJC_ROOT_CLASS = YES_ERROR;
				CLANG_WARN_RANGE_LOOP_ANALYSIS = YES;
				CLANG_WARN_STRICT_PROTOTYPES = YES;
				CLANG_WARN_SUSPICIOUS_MOVE = YES;
				CLANG_WARN_UNGUARDED_AVAILABILITY = YES_AGGRESSIVE;
				CLANG_WARN_UNREACHABLE_CODE = YES;
				CLANG_WARN__DUPLICATE_METHOD_MATCH = YES;
				CODE_SIGN_IDENTITY = "iPhone Developer";
				COPY_PHASE_STRIP = NO;
				DEBUG_INFORMATION_FORMAT = dwarf;
				ENABLE_STRICT_OBJC_MSGSEND = YES;
				ENABLE_TESTABILITY = YES;
				GCC_C_LANGUAGE_STANDARD = gnu11;
				GCC_DYNAMIC_NO_PIC = NO;
				GCC_NO_COMMON_BLOCKS = YES;
				GCC_OPTIMIZATION_LEVEL = 0;
				GCC_PREPROCESSOR_DEFINITIONS = (
					"DEBUG=1",
					"$(inherited)",
				);
				GCC_WARN_64_TO_32_BIT_CONVERSION = YES;
				GCC_WARN_ABOUT_RETURN_TYPE = YES_ERROR;
				GCC_WARN_UNDECLARED_SELECTOR = YES;
				GCC_WARN_UNINITIALIZED_AUTOS = YES_AGGRESSIVE;
				GCC_WARN_UNUSED_FUNCTION = YES;
				GCC_WARN_UNUSED_VARIABLE = YES;
				IPHONEOS_DEPLOYMENT_TARGET = 9.3;
				MTL_ENABLE_DEBUG_INFO = YES;
				ONLY_ACTIVE_ARCH = YES;
				SDKROOT = iphoneos;
				SWIFT_ACTIVE_COMPILATION_CONDITIONS = DEBUG;
				SWIFT_OPTIMIZATION_LEVEL = "-Onone";
			};
			name = Debug;
		};
		98D2844520CA539E003CD350 /* Release */ = {
			isa = XCBuildConfiguration;
			buildSettings = {
				ALWAYS_SEARCH_USER_PATHS = NO;
				CLANG_ANALYZER_NONNULL = YES;
				CLANG_ANALYZER_NUMBER_OBJECT_CONVERSION = YES_AGGRESSIVE;
				CLANG_CXX_LANGUAGE_STANDARD = "gnu++14";
				CLANG_CXX_LIBRARY = "libc++";
				CLANG_ENABLE_MODULES = YES;
				CLANG_ENABLE_OBJC_ARC = YES;
				CLANG_ENABLE_OBJC_WEAK = YES;
				CLANG_WARN_BLOCK_CAPTURE_AUTORELEASING = YES;
				CLANG_WARN_BOOL_CONVERSION = YES;
				CLANG_WARN_COMMA = YES;
				CLANG_WARN_CONSTANT_CONVERSION = YES;
				CLANG_WARN_DEPRECATED_OBJC_IMPLEMENTATIONS = YES;
				CLANG_WARN_DIRECT_OBJC_ISA_USAGE = YES_ERROR;
				CLANG_WARN_DOCUMENTATION_COMMENTS = YES;
				CLANG_WARN_EMPTY_BODY = YES;
				CLANG_WARN_ENUM_CONVERSION = YES;
				CLANG_WARN_INFINITE_RECURSION = YES;
				CLANG_WARN_INT_CONVERSION = YES;
				CLANG_WARN_NON_LITERAL_NULL_CONVERSION = YES;
				CLANG_WARN_OBJC_IMPLICIT_RETAIN_SELF = YES;
				CLANG_WARN_OBJC_LITERAL_CONVERSION = YES;
				CLANG_WARN_OBJC_ROOT_CLASS = YES_ERROR;
				CLANG_WARN_RANGE_LOOP_ANALYSIS = YES;
				CLANG_WARN_STRICT_PROTOTYPES = YES;
				CLANG_WARN_SUSPICIOUS_MOVE = YES;
				CLANG_WARN_UNGUARDED_AVAILABILITY = YES_AGGRESSIVE;
				CLANG_WARN_UNREACHABLE_CODE = YES;
				CLANG_WARN__DUPLICATE_METHOD_MATCH = YES;
				CODE_SIGN_IDENTITY = "iPhone Developer";
				COPY_PHASE_STRIP = NO;
				DEBUG_INFORMATION_FORMAT = "dwarf-with-dsym";
				ENABLE_NS_ASSERTIONS = NO;
				ENABLE_STRICT_OBJC_MSGSEND = YES;
				GCC_C_LANGUAGE_STANDARD = gnu11;
				GCC_NO_COMMON_BLOCKS = YES;
				GCC_WARN_64_TO_32_BIT_CONVERSION = YES;
				GCC_WARN_ABOUT_RETURN_TYPE = YES_ERROR;
				GCC_WARN_UNDECLARED_SELECTOR = YES;
				GCC_WARN_UNINITIALIZED_AUTOS = YES_AGGRESSIVE;
				GCC_WARN_UNUSED_FUNCTION = YES;
				GCC_WARN_UNUSED_VARIABLE = YES;
				IPHONEOS_DEPLOYMENT_TARGET = 9.3;
				MTL_ENABLE_DEBUG_INFO = NO;
				SDKROOT = iphoneos;
				SWIFT_COMPILATION_MODE = wholemodule;
				SWIFT_OPTIMIZATION_LEVEL = "-O";
				VALIDATE_PRODUCT = YES;
			};
			name = Release;
		};
		98D2844720CA539E003CD350 /* Debug */ = {
			isa = XCBuildConfiguration;
			buildSettings = {
				ASSETCATALOG_COMPILER_APPICON_NAME = AppIcon;
				CODE_SIGN_IDENTITY = "iPhone Developer";
				CODE_SIGN_STYLE = Automatic;
				DEVELOPMENT_TEAM = RE4S5JB5G4;
				INFOPLIST_FILE = ServerBotDemo/Info.plist;
				IPHONEOS_DEPLOYMENT_TARGET = 9.3;
				LD_RUNPATH_SEARCH_PATHS = (
					"$(inherited)",
					"@executable_path/Frameworks",
				);
				PRODUCT_BUNDLE_IDENTIFIER = com.ef.ServerBotDemo;
				PRODUCT_NAME = "$(TARGET_NAME)";
				PROVISIONING_PROFILE = "";
				PROVISIONING_PROFILE_SPECIFIER = "";
				SWIFT_VERSION = 4.0;
				TARGETED_DEVICE_FAMILY = "1,2";
			};
			name = Debug;
		};
		98D2844820CA539E003CD350 /* Release */ = {
			isa = XCBuildConfiguration;
			buildSettings = {
				ASSETCATALOG_COMPILER_APPICON_NAME = AppIcon;
				CODE_SIGN_IDENTITY = "iPhone Developer";
				CODE_SIGN_STYLE = Automatic;
				DEVELOPMENT_TEAM = RE4S5JB5G4;
				INFOPLIST_FILE = ServerBotDemo/Info.plist;
				IPHONEOS_DEPLOYMENT_TARGET = 9.3;
				LD_RUNPATH_SEARCH_PATHS = (
					"$(inherited)",
					"@executable_path/Frameworks",
				);
				PRODUCT_BUNDLE_IDENTIFIER = com.ef.ServerBotDemo;
				PRODUCT_NAME = "$(TARGET_NAME)";
				PROVISIONING_PROFILE = "";
				PROVISIONING_PROFILE_SPECIFIER = "";
				SWIFT_VERSION = 4.0;
				TARGETED_DEVICE_FAMILY = "1,2";
			};
			name = Release;
		};
		98D2844A20CA539E003CD350 /* Debug */ = {
			isa = XCBuildConfiguration;
			buildSettings = {
				ALWAYS_EMBED_SWIFT_STANDARD_LIBRARIES = YES;
				BUNDLE_LOADER = "$(TEST_HOST)";
				CODE_SIGN_STYLE = Automatic;
				DEVELOPMENT_TEAM = RE4S5JB5G4;
				INFOPLIST_FILE = ServerBotDemoTests/Info.plist;
				LD_RUNPATH_SEARCH_PATHS = (
					"$(inherited)",
					"@executable_path/Frameworks",
					"@loader_path/Frameworks",
				);
				PRODUCT_BUNDLE_IDENTIFIER = com.ef.ServerBotDemoTests;
				PRODUCT_NAME = "$(TARGET_NAME)";
				SWIFT_VERSION = 4.0;
				TARGETED_DEVICE_FAMILY = "1,2";
				TEST_HOST = "$(BUILT_PRODUCTS_DIR)/ServerBotDemo.app/ServerBotDemo";
			};
			name = Debug;
		};
		98D2844B20CA539E003CD350 /* Release */ = {
			isa = XCBuildConfiguration;
			buildSettings = {
				ALWAYS_EMBED_SWIFT_STANDARD_LIBRARIES = YES;
				BUNDLE_LOADER = "$(TEST_HOST)";
				CODE_SIGN_STYLE = Automatic;
				DEVELOPMENT_TEAM = RE4S5JB5G4;
				INFOPLIST_FILE = ServerBotDemoTests/Info.plist;
				LD_RUNPATH_SEARCH_PATHS = (
					"$(inherited)",
					"@executable_path/Frameworks",
					"@loader_path/Frameworks",
				);
				PRODUCT_BUNDLE_IDENTIFIER = com.ef.ServerBotDemoTests;
				PRODUCT_NAME = "$(TARGET_NAME)";
				SWIFT_VERSION = 4.0;
				TARGETED_DEVICE_FAMILY = "1,2";
				TEST_HOST = "$(BUILT_PRODUCTS_DIR)/ServerBotDemo.app/ServerBotDemo";
			};
			name = Release;
		};
		98D2844D20CA539E003CD350 /* Debug */ = {
			isa = XCBuildConfiguration;
			buildSettings = {
				ALWAYS_EMBED_SWIFT_STANDARD_LIBRARIES = YES;
				CODE_SIGN_STYLE = Automatic;
				DEVELOPMENT_TEAM = RE4S5JB5G4;
				INFOPLIST_FILE = ServerBotDemoUITests/Info.plist;
				LD_RUNPATH_SEARCH_PATHS = (
					"$(inherited)",
					"@executable_path/Frameworks",
					"@loader_path/Frameworks",
				);
				PRODUCT_BUNDLE_IDENTIFIER = com.ef.ServerBotDemoUITests;
				PRODUCT_NAME = "$(TARGET_NAME)";
				SWIFT_VERSION = 4.0;
				TARGETED_DEVICE_FAMILY = "1,2";
				TEST_TARGET_NAME = ServerBotDemo;
			};
			name = Debug;
		};
		98D2844E20CA539E003CD350 /* Release */ = {
			isa = XCBuildConfiguration;
			buildSettings = {
				ALWAYS_EMBED_SWIFT_STANDARD_LIBRARIES = YES;
				CODE_SIGN_STYLE = Automatic;
				DEVELOPMENT_TEAM = RE4S5JB5G4;
				INFOPLIST_FILE = ServerBotDemoUITests/Info.plist;
				LD_RUNPATH_SEARCH_PATHS = (
					"$(inherited)",
					"@executable_path/Frameworks",
					"@loader_path/Frameworks",
				);
				PRODUCT_BUNDLE_IDENTIFIER = com.ef.ServerBotDemoUITests;
				PRODUCT_NAME = "$(TARGET_NAME)";
				SWIFT_VERSION = 4.0;
				TARGETED_DEVICE_FAMILY = "1,2";
				TEST_TARGET_NAME = ServerBotDemo;
			};
			name = Release;
		};
/* End XCBuildConfiguration section */

/* Begin XCConfigurationList section */
		98D2841920CA539D003CD350 /* Build configuration list for PBXProject "ServerBotDemo" */ = {
			isa = XCConfigurationList;
			buildConfigurations = (
				98D2844420CA539E003CD350 /* Debug */,
				98D2844520CA539E003CD350 /* Release */,
			);
			defaultConfigurationIsVisible = 0;
			defaultConfigurationName = Release;
		};
		98D2844620CA539E003CD350 /* Build configuration list for PBXNativeTarget "ServerBotDemo" */ = {
			isa = XCConfigurationList;
			buildConfigurations = (
				98D2844720CA539E003CD350 /* Debug */,
				98D2844820CA539E003CD350 /* Release */,
			);
			defaultConfigurationIsVisible = 0;
			defaultConfigurationName = Release;
		};
		98D2844920CA539E003CD350 /* Build configuration list for PBXNativeTarget "ServerBotDemoTests" */ = {
			isa = XCConfigurationList;
			buildConfigurations = (
				98D2844A20CA539E003CD350 /* Debug */,
				98D2844B20CA539E003CD350 /* Release */,
			);
			defaultConfigurationIsVisible = 0;
			defaultConfigurationName = Release;
		};
		98D2844C20CA539E003CD350 /* Build configuration list for PBXNativeTarget "ServerBotDemoUITests" */ = {
			isa = XCConfigurationList;
			buildConfigurations = (
				98D2844D20CA539E003CD350 /* Debug */,
				98D2844E20CA539E003CD350 /* Release */,
			);
			defaultConfigurationIsVisible = 0;
			defaultConfigurationName = Release;
		};
/* End XCConfigurationList section */
	};
	rootObject = 98D2841620CA539D003CD350 /* Project object */;
}
